
Microsoft Visual Studio Solution File, Format Version 12.00
# Visual Studio Version 17
VisualStudioVersion = 17.3.32929.385
MinimumVisualStudioVersion = 10.0.40219.1
Project("{FAE04EC0-301F-11D3-BF4B-00C04F79EFBC}") = "WpfAppJanela", "WpfAppJanela.csproj", "{5403CED0-8E26-4BE2-B1BD-E9DE9F85A86D}"
EndProject
Global
	GlobalSection(SolutionConfigurationPlatforms) = preSolution
		Debug|Any CPU = Debug|Any CPU
		Release|Any CPU = Release|Any CPU
	EndGlobalSection
	GlobalSection(ProjectConfigurationPlatforms) = postSolution
		{5403CED0-8E26-4BE2-B1BD-E9DE9F85A86D}.Debug|Any CPU.ActiveCfg = Debug|Any CPU
		{5403CED0-8E26-4BE2-B1BD-E9DE9F85A86D}.Debug|Any CPU.Build.0 = Debug|Any CPU
		{5403CED0-8E26-4BE2-B1BD-E9DE9F85A86D}.Release|Any CPU.ActiveCfg = Release|Any CPU
		{5403CED0-8E26-4BE2-B1BD-E9DE9F85A86D}.Release|Any CPU.Build.0 = Release|Any CPU
	EndGlobalSection
	GlobalSection(SolutionProperties) = preSolution
		HideSolutionNode = FALSE
	EndGlobalSection
	GlobalSection(ExtensibilityGlobals) = postSolution
		SolutionGuid = {7820C49B-A752-4A51-88F8-25665E125EAD}
	EndGlobalSection
EndGlobal
